
Microsoft Visual Studio Solution File, Format Version 12.00
# Visual Studio Version 16
VisualStudioVersion = 16.0.30907.101
MinimumVisualStudioVersion = 15.0.26124.0
Project("{9A19103F-16F7-4668-BE54-9A1E7A4F7556}") = "SpyStore.Dal", "SpyStore.Dal\SpyStore.Dal.csproj", "{9D38DE6D-3B16-4FC4-B8F8-D9D2DAFD784E}"
EndProject
Project("{9A19103F-16F7-4668-BE54-9A1E7A4F7556}") = "SpyStore.Models", "SpyStore.Models\SpyStore.Models.csproj", "{29976544-8CFD-4B7A-BD36-BB1D10736BEB}"
EndProject
Project("{9A19103F-16F7-4668-BE54-9A1E7A4F7556}") = "SpyStore.Dal.Tests", "SpyStore.Dal.Tests\SpyStore.Dal.Tests.csproj", "{7562F225-0F4D-4E4F-B5E3-E8EF242F1A12}"
EndProject
Project("{9A19103F-16F7-4668-BE54-9A1E7A4F7556}") = "SpyStore.Service.Tests", "SpyStore.Service.Tests\SpyStore.Service.Tests.csproj", "{D97ED20D-498A-4767-98AC-6E2683FF44FF}"
EndProject
Project("{9A19103F-16F7-4668-BE54-9A1E7A4F7556}") = "SpyStore.Service", "SpyStore.Service\SpyStore.Service.csproj", "{15C6A4DD-4FFE-4B9E-A69E-EC14416B1F7C}"
EndProject
Project("{9A19103F-16F7-4668-BE54-9A1E7A4F7556}") = "SpyStore.Mvc", "SpyStore.Mvc\SpyStore.Mvc.csproj", "{ECA00BB9-C485-46BB-9358-2B34521BD63B}"
EndProject
Project("{9A19103F-16F7-4668-BE54-9A1E7A4F7556}") = "SpyStore.Mvc.Tests", "SpyStore.Mvc.Tests\SpyStore.Mvc.Tests.csproj", "{CFD0F187-4FCA-49FD-9D27-79B5B1BBE55C}"
EndProject
Global
	GlobalSection(SolutionConfigurationPlatforms) = preSolution
		Debug|Any CPU = Debug|Any CPU
		Debug|x64 = Debug|x64
		Debug|x86 = Debug|x86
		Release|Any CPU = Release|Any CPU
		Release|x64 = Release|x64
		Release|x86 = Release|x86
	EndGlobalSection
	GlobalSection(ProjectConfigurationPlatforms) = postSolution
		{9D38DE6D-3B16-4FC4-B8F8-D9D2DAFD784E}.Debug|Any CPU.ActiveCfg = Debug|Any CPU
		{9D38DE6D-3B16-4FC4-B8F8-D9D2DAFD784E}.Debug|Any CPU.Build.0 = Debug|Any CPU
		{9D38DE6D-3B16-4FC4-B8F8-D9D2DAFD784E}.Debug|x64.ActiveCfg = Debug|Any CPU
		{9D38DE6D-3B16-4FC4-B8F8-D9D2DAFD784E}.Debug|x64.Build.0 = Debug|Any CPU
		{9D38DE6D-3B16-4FC4-B8F8-D9D2DAFD784E}.Debug|x86.ActiveCfg = Debug|Any CPU
		{9D38DE6D-3B16-4FC4-B8F8-D9D2DAFD784E}.Debug|x86.Build.0 = Debug|Any CPU
		{9D38DE6D-3B16-4FC4-B8F8-D9D2DAFD784E}.Release|Any CPU.ActiveCfg = Release|Any CPU
		{9D38DE6D-3B16-4FC4-B8F8-D9D2DAFD784E}.Release|Any CPU.Build.0 = Release|Any CPU
		{9D38DE6D-3B16-4FC4-B8F8-D9D2DAFD784E}.Release|x64.ActiveCfg = Release|Any CPU
		{9D38DE6D-3B16-4FC4-B8F8-D9D2DAFD784E}.Release|x64.Build.0 = Release|Any CPU
		{9D38DE6D-3B16-4FC4-B8F8-D9D2DAFD784E}.Release|x86.ActiveCfg = Release|Any CPU
		{9D38DE6D-3B16-4FC4-B8F8-D9D2DAFD784E}.Release|x86.Build.0 = Release|Any CPU
		{29976544-8CFD-4B7A-BD36-BB1D10736BEB}.Debug|Any CPU.ActiveCfg = Debug|Any CPU
		{29976544-8CFD-4B7A-BD36-BB1D10736BEB}.Debug|Any CPU.Build.0 = Debug|Any CPU
		{29976544-8CFD-4B7A-BD36-BB1D10736BEB}.Debug|x64.ActiveCfg = Debug|Any CPU
		{29976544-8CFD-4B7A-BD36-BB1D10736BEB}.Debug|x64.Build.0 = Debug|Any CPU
		{29976544-8CFD-4B7A-BD36-BB1D10736BEB}.Debug|x86.ActiveCfg = Debug|Any CPU
		{29976544-8CFD-4B7A-BD36-BB1D10736BEB}.Debug|x86.Build.0 = Debug|Any CPU
		{29976544-8CFD-4B7A-BD36-BB1D10736BEB}.Release|Any CPU.ActiveCfg = Release|Any CPU
		{29976544-8CFD-4B7A-BD36-BB1D10736BEB}.Release|Any CPU.Build.0 = Release|Any CPU
		{29976544-8CFD-4B7A-BD36-BB1D10736BEB}.Release|x64.ActiveCfg = Release|Any CPU
		{29976544-8CFD-4B7A-BD36-BB1D10736BEB}.Release|x64.Build.0 = Release|Any CPU
		{29976544-8CFD-4B7A-BD36-BB1D10736BEB}.Release|x86.ActiveCfg = Release|Any CPU
		{29976544-8CFD-4B7A-BD36-BB1D10736BEB}.Release|x86.Build.0 = Release|Any CPU
		{7562F225-0F4D-4E4F-B5E3-E8EF242F1A12}.Debug|Any CPU.ActiveCfg = Debug|Any CPU
		{7562F225-0F4D-4E4F-B5E3-E8EF242F1A12}.Debug|Any CPU.Build.0 = Debug|Any CPU
		{7562F225-0F4D-4E4F-B5E3-E8EF242F1A12}.Debug|x64.ActiveCfg = Debug|Any CPU
		{7562F225-0F4D-4E4F-B5E3-E8EF242F1A12}.Debug|x64.Build.0 = Debug|Any CPU
		{7562F225-0F4D-4E4F-B5E3-E8EF242F1A12}.Debug|x86.ActiveCfg = Debug|Any CPU
		{7562F225-0F4D-4E4F-B5E3-E8EF242F1A12}.Debug|x86.Build.0 = Debug|Any CPU
		{7562F225-0F4D-4E4F-B5E3-E8EF242F1A12}.Release|Any CPU.ActiveCfg = Release|Any CPU
		{7562F225-0F4D-4E4F-B5E3-E8EF242F1A12}.Release|Any CPU.Build.0 = Release|Any CPU
		{7562F225-0F4D-4E4F-B5E3-E8EF242F1A12}.Release|x64.ActiveCfg = Release|Any CPU
		{7562F225-0F4D-4E4F-B5E3-E8EF242F1A12}.Release|x64.Build.0 = Release|Any CPU
		{7562F225-0F4D-4E4F-B5E3-E8EF242F1A12}.Release|x86.ActiveCfg = Release|Any CPU
		{7562F225-0F4D-4E4F-B5E3-E8EF242F1A12}.Release|x86.Build.0 = Release|Any CPU
		{D97ED20D-498A-4767-98AC-6E2683FF44FF}.Debug|Any CPU.ActiveCfg = Debug|Any CPU
		{D97ED20D-498A-4767-98AC-6E2683FF44FF}.Debug|Any CPU.Build.0 = Debug|Any CPU
		{D97ED20D-498A-4767-98AC-6E2683FF44FF}.Debug|x64.ActiveCfg = Debug|Any CPU
		{D97ED20D-498A-4767-98AC-6E2683FF44FF}.Debug|x64.Build.0 = Debug|Any CPU
		{D97ED20D-498A-4767-98AC-6E2683FF44FF}.Debug|x86.ActiveCfg = Debug|Any CPU
		{D97ED20D-498A-4767-98AC-6E2683FF44FF}.Debug|x86.Build.0 = Debug|Any CPU
		{D97ED20D-498A-4767-98AC-6E2683FF44FF}.Release|Any CPU.ActiveCfg = Release|Any CPU
		{D97ED20D-498A-4767-98AC-6E2683FF44FF}.Release|Any CPU.Build.0 = Release|Any CPU
		{D97ED20D-498A-4767-98AC-6E2683FF44FF}.Release|x64.ActiveCfg = Release|Any CPU
		{D97ED20D-498A-4767-98AC-6E2683FF44FF}.Release|x64.Build.0 = Release|Any CPU
		{D97ED20D-498A-4767-98AC-6E2683FF44FF}.Release|x86.ActiveCfg = Release|Any CPU
		{D97ED20D-498A-4767-98AC-6E2683FF44FF}.Release|x86.Build.0 = Release|Any CPU
		{15C6A4DD-4FFE-4B9E-A69E-EC14416B1F7C}.Debug|Any CPU.ActiveCfg = Debug|Any CPU
		{15C6A4DD-4FFE-4B9E-A69E-EC14416B1F7C}.Debug|Any CPU.Build.0 = Debug|Any CPU
		{15C6A4DD-4FFE-4B9E-A69E-EC14416B1F7C}.Debug|x64.ActiveCfg = Debug|Any CPU
		{15C6A4DD-4FFE-4B9E-A69E-EC14416B1F7C}.Debug|x64.Build.0 = Debug|Any CPU
		{15C6A4DD-4FFE-4B9E-A69E-EC14416B1F7C}.Debug|x86.ActiveCfg = Debug|Any CPU
		{15C6A4DD-4FFE-4B9E-A69E-EC14416B1F7C}.Debug|x86.Build.0 = Debug|Any CPU
		{15C6A4DD-4FFE-4B9E-A69E-EC14416B1F7C}.Release|Any CPU.ActiveCfg = Release|Any CPU
		{15C6A4DD-4FFE-4B9E-A69E-EC14416B1F7C}.Release|Any CPU.Build.0 = Release|Any CPU
		{15C6A4DD-4FFE-4B9E-A69E-EC14416B1F7C}.Release|x64.ActiveCfg = Release|Any CPU
		{15C6A4DD-4FFE-4B9E-A69E-EC14416B1F7C}.Release|x64.Build.0 = Release|Any CPU
		{15C6A4DD-4FFE-4B9E-A69E-EC14416B1F7C}.Release|x86.ActiveCfg = Release|Any CPU
		{15C6A4DD-4FFE-4B9E-A69E-EC14416B1F7C}.Release|x86.Build.0 = Release|Any CPU
		{ECA00BB9-C485-46BB-9358-2B34521BD63B}.Debug|Any CPU.ActiveCfg = Debug|Any CPU
		{ECA00BB9-C485-46BB-9358-2B34521BD63B}.Debug|Any CPU.Build.0 = Debug|Any CPU
		{ECA00BB9-C485-46BB-9358-2B34521BD63B}.Debug|x64.ActiveCfg = Debug|Any CPU
		{ECA00BB9-C485-46BB-9358-2B34521BD63B}.Debug|x64.Build.0 = Debug|Any CPU
		{ECA00BB9-C485-46BB-9358-2B34521BD63B}.Debug|x86.ActiveCfg = Debug|Any CPU
		{ECA00BB9-C485-46BB-9358-2B34521BD63B}.Debug|x86.Build.0 = Debug|Any CPU
		{ECA00BB9-C485-46BB-9358-2B34521BD63B}.Release|Any CPU.ActiveCfg = Release|Any CPU
		{ECA00BB9-C485-46BB-9358-2B34521BD63B}.Release|Any CPU.Build.0 = Release|Any CPU
		{ECA00BB9-C485-46BB-9358-2B34521BD63B}.Release|x64.ActiveCfg = Release|Any CPU
		{ECA00BB9-C485-46BB-9358-2B34521BD63B}.Release|x64.Build.0 = Release|Any CPU
		{ECA00BB9-C485-46BB-9358-2B34521BD63B}.Release|x86.ActiveCfg = Release|Any CPU
		{ECA00BB9-C485-46BB-9358-2B34521BD63B}.Release|x86.Build.0 = Release|Any CPU
		{CFD0F187-4FCA-49FD-9D27-79B5B1BBE55C}.Debug|Any CPU.ActiveCfg = Debug|Any CPU
		{CFD0F187-4FCA-49FD-9D27-79B5B1BBE55C}.Debug|Any CPU.Build.0 = Debug|Any CPU
		{CFD0F187-4FCA-49FD-9D27-79B5B1BBE55C}.Debug|x64.ActiveCfg = Debug|Any CPU
		{CFD0F187-4FCA-49FD-9D27-79B5B1BBE55C}.Debug|x64.Build.0 = Debug|Any CPU
		{CFD0F187-4FCA-49FD-9D27-79B5B1BBE55C}.Debug|x86.ActiveCfg = Debug|Any CPU
		{CFD0F187-4FCA-49FD-9D27-79B5B1BBE55C}.Debug|x86.Build.0 = Debug|Any CPU
		{CFD0F187-4FCA-49FD-9D27-79B5B1BBE55C}.Release|Any CPU.ActiveCfg = Release|Any CPU
		{CFD0F187-4FCA-49FD-9D27-79B5B1BBE55C}.Release|Any CPU.Build.0 = Release|Any CPU
		{CFD0F187-4FCA-49FD-9D27-79B5B1BBE55C}.Release|x64.ActiveCfg = Release|Any CPU
		{CFD0F187-4FCA-49FD-9D27-79B5B1BBE55C}.Release|x64.Build.0 = Release|Any CPU
		{CFD0F187-4FCA-49FD-9D27-79B5B1BBE55C}.Release|x86.ActiveCfg = Release|Any CPU
		{CFD0F187-4FCA-49FD-9D27-79B5B1BBE55C}.Release|x86.Build.0 = Release|Any CPU
	EndGlobalSection
	GlobalSection(SolutionProperties) = preSolution
		HideSolutionNode = FALSE
	EndGlobalSection
	GlobalSection(ExtensibilityGlobals) = postSolution
		SolutionGuid = {A8864C95-665C-43D8-850F-6EEE8D26B825}
	EndGlobalSection
EndGlobal
